{
<<<<<<< HEAD
  "lockfileVersion": 1
=======
  "requires": true,
  "lockfileVersion": 1,
  "dependencies": {
    "bootstrap": {
      "version": "3.3.7",
      "resolved": "https://registry.npmjs.org/bootstrap/-/bootstrap-3.3.7.tgz",
      "integrity": "sha1-WjiTlFSfIzMIdaOxUGVldPip63E="
    }
  }
>>>>>>> c97681d3309abbb7d35b8c584c42105190d6fc52
}
